
Microsoft Visual Studio Solution File, Format Version 12.00
# Visual Studio Version 17
VisualStudioVersion = 17.9.34728.123
MinimumVisualStudioVersion = 10.0.40219.1
Project("{FAE04EC0-301F-11D3-BF4B-00C04F79EFBC}") = "BarcodeReaderApp", "BarcodeReaderApp.csproj", "{B5099CCF-9441-40F1-944F-41AB66DC5594}"
EndProject
Global
	GlobalSection(SolutionConfigurationPlatforms) = preSolution
		Debug|Any CPU = Debug|Any CPU
		Release|Any CPU = Release|Any CPU
	EndGlobalSection
	GlobalSection(ProjectConfigurationPlatforms) = postSolution
		{B5099CCF-9441-40F1-944F-41AB66DC5594}.Debug|Any CPU.ActiveCfg = Debug|Any CPU
		{B5099CCF-9441-40F1-944F-41AB66DC5594}.Debug|Any CPU.Build.0 = Debug|Any CPU
		{B5099CCF-9441-40F1-944F-41AB66DC5594}.Release|Any CPU.ActiveCfg = Release|Any CPU
		{B5099CCF-9441-40F1-944F-41AB66DC5594}.Release|Any CPU.Build.0 = Release|Any CPU
	EndGlobalSection
	GlobalSection(SolutionProperties) = preSolution
		HideSolutionNode = FALSE
	EndGlobalSection
	GlobalSection(ExtensibilityGlobals) = postSolution
		SolutionGuid = {F3AB7931-61E7-4676-91CD-B869BDF356F1}
	EndGlobalSection
EndGlobal
